
Microsoft Visual Studio Solution File, Format Version 12.00
# Visual Studio Version 16
VisualStudioVersion = 16.0.31729.503
MinimumVisualStudioVersion = 10.0.40219.1
Project("{FAE04EC0-301F-11D3-BF4B-00C04F79EFBC}") = "Task_13_6_2", "Task_13_6_2.csproj", "{AEB76541-2768-4028-94AE-24E291A723B5}"
EndProject
Global
	GlobalSection(SolutionConfigurationPlatforms) = preSolution
		Debug|Any CPU = Debug|Any CPU
		Release|Any CPU = Release|Any CPU
	EndGlobalSection
	GlobalSection(ProjectConfigurationPlatforms) = postSolution
		{AEB76541-2768-4028-94AE-24E291A723B5}.Debug|Any CPU.ActiveCfg = Debug|Any CPU
		{AEB76541-2768-4028-94AE-24E291A723B5}.Debug|Any CPU.Build.0 = Debug|Any CPU
		{AEB76541-2768-4028-94AE-24E291A723B5}.Release|Any CPU.ActiveCfg = Release|Any CPU
		{AEB76541-2768-4028-94AE-24E291A723B5}.Release|Any CPU.Build.0 = Release|Any CPU
	EndGlobalSection
	GlobalSection(SolutionProperties) = preSolution
		HideSolutionNode = FALSE
	EndGlobalSection
	GlobalSection(ExtensibilityGlobals) = postSolution
		SolutionGuid = {BB1BC1FE-B793-42DB-B9F2-68DF5C6F2B93}
	EndGlobalSection
EndGlobal
